
Microsoft Visual Studio Solution File, Format Version 12.00
# Visual Studio 15
VisualStudioVersion = 15.0.27428.2037
MinimumVisualStudioVersion = 10.0.40219.1
Project("{FAE04EC0-301F-11D3-BF4B-00C04F79EFBC}") = "TrackingLib", "TrackingLib\TrackingLib.csproj", "{C66D7947-BDFD-41AC-975F-33321F5E8CE9}"
EndProject
Project("{FAE04EC0-301F-11D3-BF4B-00C04F79EFBC}") = "ActiveMarkerUI", "ActiveMarkerUI\ActiveMarkerUI.csproj", "{F39CCA6F-8AB8-4C32-AE09-83C83527DC84}"
EndProject
Global
	GlobalSection(SolutionConfigurationPlatforms) = preSolution
		Debug|Any CPU = Debug|Any CPU
		Release|Any CPU = Release|Any CPU
	EndGlobalSection
	GlobalSection(ProjectConfigurationPlatforms) = postSolution
		{C66D7947-BDFD-41AC-975F-33321F5E8CE9}.Debug|Any CPU.ActiveCfg = Debug|Any CPU
		{C66D7947-BDFD-41AC-975F-33321F5E8CE9}.Debug|Any CPU.Build.0 = Debug|Any CPU
		{C66D7947-BDFD-41AC-975F-33321F5E8CE9}.Release|Any CPU.ActiveCfg = Release|Any CPU
		{C66D7947-BDFD-41AC-975F-33321F5E8CE9}.Release|Any CPU.Build.0 = Release|Any CPU
		{F39CCA6F-8AB8-4C32-AE09-83C83527DC84}.Debug|Any CPU.ActiveCfg = Debug|Any CPU
		{F39CCA6F-8AB8-4C32-AE09-83C83527DC84}.Debug|Any CPU.Build.0 = Debug|Any CPU
		{F39CCA6F-8AB8-4C32-AE09-83C83527DC84}.Release|Any CPU.ActiveCfg = Release|Any CPU
		{F39CCA6F-8AB8-4C32-AE09-83C83527DC84}.Release|Any CPU.Build.0 = Release|Any CPU
	EndGlobalSection
	GlobalSection(SolutionProperties) = preSolution
		HideSolutionNode = FALSE
	EndGlobalSection
	GlobalSection(ExtensibilityGlobals) = postSolution
		SolutionGuid = {B6D4DCFB-AEFA-414E-BF55-FAB3FA94BFFC}
	EndGlobalSection
EndGlobal
